
Microsoft Visual Studio Solution File, Format Version 12.00
# Visual Studio Version 16
VisualStudioVersion = 16.0.30320.27
MinimumVisualStudioVersion = 10.0.40219.1
Project("{FAE04EC0-301F-11D3-BF4B-00C04F79EFBC}") = "ComplianceSite", "ComplianceSite\ComplianceSite.csproj", "{12ED9742-372C-4579-AF4A-B49FCA89C3C0}"
EndProject
Global
	GlobalSection(SolutionConfigurationPlatforms) = preSolution
		Debug|Any CPU = Debug|Any CPU
		Release|Any CPU = Release|Any CPU
	EndGlobalSection
	GlobalSection(ProjectConfigurationPlatforms) = postSolution
		{12ED9742-372C-4579-AF4A-B49FCA89C3C0}.Debug|Any CPU.ActiveCfg = Debug|Any CPU
		{12ED9742-372C-4579-AF4A-B49FCA89C3C0}.Debug|Any CPU.Build.0 = Debug|Any CPU
		{12ED9742-372C-4579-AF4A-B49FCA89C3C0}.Release|Any CPU.ActiveCfg = Release|Any CPU
		{12ED9742-372C-4579-AF4A-B49FCA89C3C0}.Release|Any CPU.Build.0 = Release|Any CPU
	EndGlobalSection
	GlobalSection(SolutionProperties) = preSolution
		HideSolutionNode = FALSE
	EndGlobalSection
	GlobalSection(ExtensibilityGlobals) = postSolution
		SolutionGuid = {C67E3F85-302C-47A2-9A8C-A409DD3EA046}
	EndGlobalSection
EndGlobal
